
Microsoft Visual Studio Solution File, Format Version 12.00
# Visual Studio Version 16
VisualStudioVersion = 16.0.29215.179
MinimumVisualStudioVersion = 10.0.40219.1
Project("{FAE04EC0-301F-11D3-BF4B-00C04F79EFBC}") = "ERP.PMS.Data", "ERP.PMS.Data\ERP.PMS.Data.csproj", "{814429C5-1F95-43AB-8C42-083014D0182A}"
EndProject
Project("{FAE04EC0-301F-11D3-BF4B-00C04F79EFBC}") = "ERP.PMS.Shared", "ERP.PMS.Common\ERP.PMS.Shared.csproj", "{5674205F-57D6-4D3C-994A-953C10B19C76}"
EndProject
Project("{FAE04EC0-301F-11D3-BF4B-00C04F79EFBC}") = "ERP.PMS.Common", "ERP.PMS.Data.Common\ERP.PMS.Common.csproj", "{E9080931-B302-4AC2-BB77-5A923332F2DE}"
EndProject
Project("{FAE04EC0-301F-11D3-BF4B-00C04F79EFBC}") = "ERP.PMS.Business", "ERP.PMS.Business\ERP.PMS.Business.csproj", "{B3A76D61-1A0C-4A64-9C0E-79F04CAFA992}"
EndProject
Project("{FAE04EC0-301F-11D3-BF4B-00C04F79EFBC}") = "ERP.PMS.Facade", "ERP.PMS.Facade\ERP.PMS.Facade.csproj", "{8A7D0AC1-DAE4-48AB-95E4-CFAA98A9F30A}"
EndProject
Project("{FAE04EC0-301F-11D3-BF4B-00C04F79EFBC}") = "ERP.PMS.Client", "ERP.PMS.Client\ERP.PMS.Client.csproj", "{10ACEDD0-139B-4AEA-A682-FB20E629D055}"
EndProject
Project("{FAE04EC0-301F-11D3-BF4B-00C04F79EFBC}") = "ERP.PMS.Service.WebApi", "ERP.PMS.Service.WebApi\ERP.PMS.Service.WebApi.csproj", "{5923EBC1-746F-4ACA-B9F7-BAC0928E7BD7}"
EndProject
Global
	GlobalSection(SolutionConfigurationPlatforms) = preSolution
		Debug|Any CPU = Debug|Any CPU
		Release|Any CPU = Release|Any CPU
	EndGlobalSection
	GlobalSection(ProjectConfigurationPlatforms) = postSolution
		{814429C5-1F95-43AB-8C42-083014D0182A}.Debug|Any CPU.ActiveCfg = Debug|Any CPU
		{814429C5-1F95-43AB-8C42-083014D0182A}.Debug|Any CPU.Build.0 = Debug|Any CPU
		{814429C5-1F95-43AB-8C42-083014D0182A}.Release|Any CPU.ActiveCfg = Release|Any CPU
		{814429C5-1F95-43AB-8C42-083014D0182A}.Release|Any CPU.Build.0 = Release|Any CPU
		{5674205F-57D6-4D3C-994A-953C10B19C76}.Debug|Any CPU.ActiveCfg = Debug|Any CPU
		{5674205F-57D6-4D3C-994A-953C10B19C76}.Debug|Any CPU.Build.0 = Debug|Any CPU
		{5674205F-57D6-4D3C-994A-953C10B19C76}.Release|Any CPU.ActiveCfg = Release|Any CPU
		{5674205F-57D6-4D3C-994A-953C10B19C76}.Release|Any CPU.Build.0 = Release|Any CPU
		{E9080931-B302-4AC2-BB77-5A923332F2DE}.Debug|Any CPU.ActiveCfg = Debug|Any CPU
		{E9080931-B302-4AC2-BB77-5A923332F2DE}.Debug|Any CPU.Build.0 = Debug|Any CPU
		{E9080931-B302-4AC2-BB77-5A923332F2DE}.Release|Any CPU.ActiveCfg = Release|Any CPU
		{E9080931-B302-4AC2-BB77-5A923332F2DE}.Release|Any CPU.Build.0 = Release|Any CPU
		{B3A76D61-1A0C-4A64-9C0E-79F04CAFA992}.Debug|Any CPU.ActiveCfg = Debug|Any CPU
		{B3A76D61-1A0C-4A64-9C0E-79F04CAFA992}.Debug|Any CPU.Build.0 = Debug|Any CPU
		{B3A76D61-1A0C-4A64-9C0E-79F04CAFA992}.Release|Any CPU.ActiveCfg = Release|Any CPU
		{B3A76D61-1A0C-4A64-9C0E-79F04CAFA992}.Release|Any CPU.Build.0 = Release|Any CPU
		{8A7D0AC1-DAE4-48AB-95E4-CFAA98A9F30A}.Debug|Any CPU.ActiveCfg = Debug|Any CPU
		{8A7D0AC1-DAE4-48AB-95E4-CFAA98A9F30A}.Debug|Any CPU.Build.0 = Debug|Any CPU
		{8A7D0AC1-DAE4-48AB-95E4-CFAA98A9F30A}.Release|Any CPU.ActiveCfg = Release|Any CPU
		{8A7D0AC1-DAE4-48AB-95E4-CFAA98A9F30A}.Release|Any CPU.Build.0 = Release|Any CPU
		{10ACEDD0-139B-4AEA-A682-FB20E629D055}.Debug|Any CPU.ActiveCfg = Debug|Any CPU
		{10ACEDD0-139B-4AEA-A682-FB20E629D055}.Debug|Any CPU.Build.0 = Debug|Any CPU
		{10ACEDD0-139B-4AEA-A682-FB20E629D055}.Release|Any CPU.ActiveCfg = Release|Any CPU
		{10ACEDD0-139B-4AEA-A682-FB20E629D055}.Release|Any CPU.Build.0 = Release|Any CPU
		{5923EBC1-746F-4ACA-B9F7-BAC0928E7BD7}.Debug|Any CPU.ActiveCfg = Debug|Any CPU
		{5923EBC1-746F-4ACA-B9F7-BAC0928E7BD7}.Debug|Any CPU.Build.0 = Debug|Any CPU
		{5923EBC1-746F-4ACA-B9F7-BAC0928E7BD7}.Release|Any CPU.ActiveCfg = Release|Any CPU
		{5923EBC1-746F-4ACA-B9F7-BAC0928E7BD7}.Release|Any CPU.Build.0 = Release|Any CPU
	EndGlobalSection
	GlobalSection(SolutionProperties) = preSolution
		HideSolutionNode = FALSE
	EndGlobalSection
	GlobalSection(ExtensibilityGlobals) = postSolution
		SolutionGuid = {8B6E45C7-E980-4C39-A37A-23DB6D7096A9}
	EndGlobalSection
EndGlobal
